
Microsoft Visual Studio Solution File, Format Version 12.00
# Visual Studio 15
Project("{FAE04EC0-301F-11D3-BF4B-00C04F79EFBC}") = "Assembly-CSharp", "Assembly-CSharp.csproj", "{953D3B5F-C3E5-54F6-A811-F9FC0BC370C8}"
EndProject
Global
	GlobalSection(SolutionConfigurationPlatforms) = preSolution
		Debug|Any CPU = Debug|Any CPU
		Release|Any CPU = Release|Any CPU
	EndGlobalSection
	GlobalSection(ProjectConfigurationPlatforms) = postSolution
		{953D3B5F-C3E5-54F6-A811-F9FC0BC370C8}.Debug|Any CPU.ActiveCfg = Debug|Any CPU
		{953D3B5F-C3E5-54F6-A811-F9FC0BC370C8}.Debug|Any CPU.Build.0 = Debug|Any CPU
		{953D3B5F-C3E5-54F6-A811-F9FC0BC370C8}.Release|Any CPU.ActiveCfg = Release|Any CPU
		{953D3B5F-C3E5-54F6-A811-F9FC0BC370C8}.Release|Any CPU.Build.0 = Release|Any CPU
	EndGlobalSection
	GlobalSection(SolutionProperties) = preSolution
		HideSolutionNode = FALSE
	EndGlobalSection
EndGlobal
