
Microsoft Visual Studio Solution File, Format Version 12.00
# Visual Studio 15
Project("{FAE04EC0-301F-11D3-BF4B-00C04F79EFBC}") = "Assembly-CSharp", "Assembly-CSharp.csproj", "{953D3B5F-C3E5-54F6-A811-F9FC0BC370C8}"
EndProject
Project("{FAE04EC0-301F-11D3-BF4B-00C04F79EFBC}") = "Assembly-CSharp-firstpass", "Assembly-CSharp-firstpass.csproj", "{B55DBA1C-1C0A-7C30-A06F-B43119FEEEDA}"
EndProject
Project("{FAE04EC0-301F-11D3-BF4B-00C04F79EFBC}") = "Assembly-CSharp-Editor-firstpass", "Assembly-CSharp-Editor-firstpass.csproj", "{A9B4580C-1786-BCBB-1B25-ED718D67A220}"
EndProject
Project("{FAE04EC0-301F-11D3-BF4B-00C04F79EFBC}") = "Assembly-CSharp-Editor", "Assembly-CSharp-Editor.csproj", "{B8F24059-7941-98F9-D305-BD4DF9B0A4B4}"
EndProject
Global
	GlobalSection(SolutionConfigurationPlatforms) = preSolution
		Debug|Any CPU = Debug|Any CPU
		Release|Any CPU = Release|Any CPU
	EndGlobalSection
	GlobalSection(ProjectConfigurationPlatforms) = postSolution
		{953D3B5F-C3E5-54F6-A811-F9FC0BC370C8}.Debug|Any CPU.ActiveCfg = Debug|Any CPU
		{953D3B5F-C3E5-54F6-A811-F9FC0BC370C8}.Debug|Any CPU.Build.0 = Debug|Any CPU
		{953D3B5F-C3E5-54F6-A811-F9FC0BC370C8}.Release|Any CPU.ActiveCfg = Release|Any CPU
		{953D3B5F-C3E5-54F6-A811-F9FC0BC370C8}.Release|Any CPU.Build.0 = Release|Any CPU
		{B55DBA1C-1C0A-7C30-A06F-B43119FEEEDA}.Debug|Any CPU.ActiveCfg = Debug|Any CPU
		{B55DBA1C-1C0A-7C30-A06F-B43119FEEEDA}.Debug|Any CPU.Build.0 = Debug|Any CPU
		{B55DBA1C-1C0A-7C30-A06F-B43119FEEEDA}.Release|Any CPU.ActiveCfg = Release|Any CPU
		{B55DBA1C-1C0A-7C30-A06F-B43119FEEEDA}.Release|Any CPU.Build.0 = Release|Any CPU
		{A9B4580C-1786-BCBB-1B25-ED718D67A220}.Debug|Any CPU.ActiveCfg = Debug|Any CPU
		{A9B4580C-1786-BCBB-1B25-ED718D67A220}.Debug|Any CPU.Build.0 = Debug|Any CPU
		{A9B4580C-1786-BCBB-1B25-ED718D67A220}.Release|Any CPU.ActiveCfg = Release|Any CPU
		{A9B4580C-1786-BCBB-1B25-ED718D67A220}.Release|Any CPU.Build.0 = Release|Any CPU
		{B8F24059-7941-98F9-D305-BD4DF9B0A4B4}.Debug|Any CPU.ActiveCfg = Debug|Any CPU
		{B8F24059-7941-98F9-D305-BD4DF9B0A4B4}.Debug|Any CPU.Build.0 = Debug|Any CPU
		{B8F24059-7941-98F9-D305-BD4DF9B0A4B4}.Release|Any CPU.ActiveCfg = Release|Any CPU
		{B8F24059-7941-98F9-D305-BD4DF9B0A4B4}.Release|Any CPU.Build.0 = Release|Any CPU
	EndGlobalSection
	GlobalSection(SolutionProperties) = preSolution
		HideSolutionNode = FALSE
	EndGlobalSection
EndGlobal
